
Microsoft Visual Studio Solution File, Format Version 12.00
# Visual Studio Version 17
VisualStudioVersion = 17.14.36518.9 d17.14
MinimumVisualStudioVersion = 10.0.40219.1
Project("{2150E333-8FDC-42A3-9474-1A3956D46DE8}") = "Task0", "Task0", "{02EA681E-C7D8-13C7-8484-4AC65E1B71E8}"
EndProject
Project("{FAE04EC0-301F-11D3-BF4B-00C04F79EFBC}") = "Tyuiu.KhokhanovDA.Sprint2.Task0.V15.Lib", "Tyuiu.KhokhanovDA.Sprint2.Task0.V15.Lib\Tyuiu.KhokhanovDA.Sprint2.Task0.V15.Lib.csproj", "{15ABF003-84F8-423C-8D03-46EABB3C3A38}"
EndProject
Project("{FAE04EC0-301F-11D3-BF4B-00C04F79EFBC}") = "Tyuiu.KhokhanovDA.Sprint2.Task0.V15", "Tyuiu.KhokhanovDA.Sprint2.Task0.V15\Tyuiu.KhokhanovDA.Sprint2.Task0.V15.csproj", "{07414DE7-D4AA-40CA-B004-7F403907CBA8}"
EndProject
Project("{FAE04EC0-301F-11D3-BF4B-00C04F79EFBC}") = "Tyuiu.KhokhanovDA.Sprint2.Task0.V15.Test", "Tyuiu.KhokhanovDA.Sprint2.Task0.V15.Test\Tyuiu.KhokhanovDA.Sprint2.Task0.V15.Test.csproj", "{8AA75292-E794-4B8B-8CB8-14D3FDBCB367}"
EndProject
Project("{2150E333-8FDC-42A3-9474-1A3956D46DE8}") = "Task1", "Task1", "{0DDB5C63-2069-4249-981B-E257C52DC6F4}"
EndProject
Project("{FAE04EC0-301F-11D3-BF4B-00C04F79EFBC}") = "Tyuiu.KhokhanovDA.Sprint2.Task1.V19", "Tyuiu.KhokhanovDA.Sprint2.Task1.V19\Tyuiu.KhokhanovDA.Sprint2.Task1.V19.csproj", "{96EEB84A-DA59-40BE-8E2B-69040D954A3C}"
EndProject
Project("{FAE04EC0-301F-11D3-BF4B-00C04F79EFBC}") = "Tyuiu.KhokhanovDA.Sprint2.Task1.V19.Test", "Tyuiu.KhokhanovDA.Sprint2.Task1.V19.Test\Tyuiu.KhokhanovDA.Sprint2.Task1.V19.Test.csproj", "{7316DB0F-D533-45B8-8AB8-82C12D883742}"
EndProject
Project("{FAE04EC0-301F-11D3-BF4B-00C04F79EFBC}") = "Tyuiu.KhokhanovDA.Sprint2.Task1.V19.Lib", "Tyuiu.KhokhanovDA.Sprint2.Task1.V19.Lib\Tyuiu.KhokhanovDA.Sprint2.Task1.V19.Lib.csproj", "{0A5FB6E5-D2FF-45EF-BEA9-96788B8486F8}"
EndProject
Project("{2150E333-8FDC-42A3-9474-1A3956D46DE8}") = "Task2", "Task2", "{F3896A61-ED8C-4980-B6F9-C9D1BA6899D4}"
EndProject
Project("{FAE04EC0-301F-11D3-BF4B-00C04F79EFBC}") = "Tyuiu.KhokhanovDA.Sprint2.Task2.V24", "Tyuiu.KhokhanovDA.Sprint2.Task2.V24\Tyuiu.KhokhanovDA.Sprint2.Task2.V24.csproj", "{57EC1CE5-4C21-4E31-9A17-AFFEB88D8C5F}"
EndProject
Project("{FAE04EC0-301F-11D3-BF4B-00C04F79EFBC}") = "Tyuiu.KhokhanovDA.Sprint2.Task2.V24.Test", "Tyuiu.KhokhanovDA.Sprint2.Task2.V24.Test\Tyuiu.KhokhanovDA.Sprint2.Task2.V24.Test.csproj", "{D953237E-4B7F-493A-A9FD-CF4539FA5E65}"
EndProject
Project("{FAE04EC0-301F-11D3-BF4B-00C04F79EFBC}") = "Tyuiu.KhokhanovDA.Sprint2.Task2.V24.Lib", "Tyuiu.KhokhanovDA.Sprint2.Task2.V24.Lib\Tyuiu.KhokhanovDA.Sprint2.Task2.V24.Lib.csproj", "{4D5A89BF-838D-49DF-A381-8B2858E92981}"
EndProject
Project("{2150E333-8FDC-42A3-9474-1A3956D46DE8}") = "Task3", "Task3", "{85AF1A2A-C0FE-42C5-B0A5-9835725F90F3}"
EndProject
Project("{FAE04EC0-301F-11D3-BF4B-00C04F79EFBC}") = "Tyuiu.KhokhanovDA.Sprint2.Task3.V29", "Tyuiu.KhokhanovDA.Sprint2.Task3.V29\Tyuiu.KhokhanovDA.Sprint2.Task3.V29.csproj", "{4B89704A-97A0-4AC3-99AE-18CA6001343D}"
EndProject
Project("{FAE04EC0-301F-11D3-BF4B-00C04F79EFBC}") = "Tyuiu.KhokhanovDA.Sprint2.Task3.V29.Test", "Tyuiu.KhokhanovDA.Sprint2.Task3.V29.Test\Tyuiu.KhokhanovDA.Sprint2.Task3.V29.Test.csproj", "{D479187F-C0BB-480D-9A30-61A642131B43}"
EndProject
Project("{FAE04EC0-301F-11D3-BF4B-00C04F79EFBC}") = "Tyuiu.KhokhanovDA.Sprint2.Task3.V29.Lib", "Tyuiu.KhokhanovDA.Sprint2.Task3.V29.Lib\Tyuiu.KhokhanovDA.Sprint2.Task3.V29.Lib.csproj", "{4B530DF8-C597-4928-9162-09664526F71F}"
EndProject
Project("{2150E333-8FDC-42A3-9474-1A3956D46DE8}") = "Task4", "Task4", "{0C1DC9FC-AA16-4562-AB96-AFEEEEF42925}"
EndProject
Project("{FAE04EC0-301F-11D3-BF4B-00C04F79EFBC}") = "Tyuiu.KhokhanovDA.Sprint2.Task4.V24", "Tyuiu.KhokhanovDA.Sprint2.Task4.V24\Tyuiu.KhokhanovDA.Sprint2.Task4.V24.csproj", "{22C750A1-1CAB-4063-A789-9D03C4FE94BF}"
EndProject
Project("{FAE04EC0-301F-11D3-BF4B-00C04F79EFBC}") = "Tyuiu.KhokhanovDA.Sprint2.Task4.V24.Test", "Tyuiu.KhokhanovDA.Sprint2.Task4.V24.Test\Tyuiu.KhokhanovDA.Sprint2.Task4.V24.Test.csproj", "{1434CDEC-C1BF-4753-ABEA-1538F0F42645}"
EndProject
Project("{FAE04EC0-301F-11D3-BF4B-00C04F79EFBC}") = "Tyuiu.KhokhanovDA.Sprint2.Task4.V24.Lib", "Tyuiu.KhokhanovDA.Sprint2.Task4.V24.Lib\Tyuiu.KhokhanovDA.Sprint2.Task4.V24.Lib.csproj", "{2FFE7AED-C944-45E5-883F-100EDE2458F2}"
EndProject
Project("{2150E333-8FDC-42A3-9474-1A3956D46DE8}") = "Task5", "Task5", "{84FAF0EE-030B-4D44-8DF1-F64481978E74}"
EndProject
Project("{FAE04EC0-301F-11D3-BF4B-00C04F79EFBC}") = "Tyuiu.KhokhanovDA.Sprint2.Task5.V10", "Tyuiu.KhokhanovDA.Sprint2.Task5.V10\Tyuiu.KhokhanovDA.Sprint2.Task5.V10.csproj", "{F9D5AE89-3E75-40AA-B3B8-58C5762E05EB}"
EndProject
Project("{FAE04EC0-301F-11D3-BF4B-00C04F79EFBC}") = "Tyuiu.KhokhanovDA.Sprint2.Task5.V10.Test", "Tyuiu.KhokhanovDA.Sprint2.Task5.V10.Test\Tyuiu.KhokhanovDA.Sprint2.Task5.V10.Test.csproj", "{7C90C9BC-02B5-4DC3-8555-1AD2745C7432}"
EndProject
Project("{FAE04EC0-301F-11D3-BF4B-00C04F79EFBC}") = "Tyuiu.KhokhanovDA.Sprint2.Task5.V10.Lib", "Tyuiu.KhokhanovDA.Sprint2.Task5.V10.Lib\Tyuiu.KhokhanovDA.Sprint2.Task5.V10.Lib.csproj", "{42593D5C-C867-4F32-A6D7-D91CF434D476}"
EndProject
Project("{2150E333-8FDC-42A3-9474-1A3956D46DE8}") = "Task6", "Task6", "{BB2006F3-F510-4B6D-941D-0FE3F6552041}"
EndProject
Project("{FAE04EC0-301F-11D3-BF4B-00C04F79EFBC}") = "Tyuiu.KhokhanovDA.Sprint2.Task6.V9", "Tyuiu.KhokhanovDA.Sprint2.Task6.V9\Tyuiu.KhokhanovDA.Sprint2.Task6.V9.csproj", "{B08F90A3-A272-4E11-8CCE-371CB820B801}"
EndProject
Project("{FAE04EC0-301F-11D3-BF4B-00C04F79EFBC}") = "Tyuiu.KhokhanovDA.Sprint2.Task6.V9.Test", "Tyuiu.KhokhanovDA.Sprint2.Task6.V9.Test\Tyuiu.KhokhanovDA.Sprint2.Task6.V9.Test.csproj", "{A04505E0-27E2-440F-807C-2FC3A38A488E}"
EndProject
Project("{FAE04EC0-301F-11D3-BF4B-00C04F79EFBC}") = "Tyuiu.KhokhanovDA.Sprint2.Task6.V9.Lib", "Tyuiu.KhokhanovDA.Sprint2.Task6.V9.Lib\Tyuiu.KhokhanovDA.Sprint2.Task6.V9.Lib.csproj", "{074E0C4B-E1EE-4133-855D-B7822EFE7350}"
EndProject
Project("{2150E333-8FDC-42A3-9474-1A3956D46DE8}") = "Task7", "Task7", "{B9253210-1A67-48A1-8AA1-AE507DD9E35E}"
EndProject
Project("{FAE04EC0-301F-11D3-BF4B-00C04F79EFBC}") = "Tyuiu.KhokhanovDA.Sprint2.Task7.V11", "Tyuiu.KhokhanovDA.Sprint2.Task7.V11\Tyuiu.KhokhanovDA.Sprint2.Task7.V11.csproj", "{847CA058-BC6A-4FFF-B731-942EEAC16C78}"
EndProject
Project("{FAE04EC0-301F-11D3-BF4B-00C04F79EFBC}") = "Tyuiu.KhokhanovDA.Sprint2.Task7.V11.Test", "Tyuiu.KhokhanovDA.Sprint2.Task7.V11.Test\Tyuiu.KhokhanovDA.Sprint2.Task7.V11.Test.csproj", "{EDA21399-E0A1-4DCC-B60F-DAA77FBEE19B}"
EndProject
Project("{FAE04EC0-301F-11D3-BF4B-00C04F79EFBC}") = "Tyuiu.KhokhanovDA.Sprint2.Task7.V11.Lib", "Tyuiu.KhokhanovDA.Sprint2.Task7.V11.Lib\Tyuiu.KhokhanovDA.Sprint2.Task7.V11.Lib.csproj", "{C8780EFE-FE87-4C75-8945-424DF0B63D52}"
EndProject
Global
	GlobalSection(SolutionConfigurationPlatforms) = preSolution
		Debug|Any CPU = Debug|Any CPU
		Release|Any CPU = Release|Any CPU
	EndGlobalSection
	GlobalSection(ProjectConfigurationPlatforms) = postSolution
		{15ABF003-84F8-423C-8D03-46EABB3C3A38}.Debug|Any CPU.ActiveCfg = Debug|Any CPU
		{15ABF003-84F8-423C-8D03-46EABB3C3A38}.Debug|Any CPU.Build.0 = Debug|Any CPU
		{15ABF003-84F8-423C-8D03-46EABB3C3A38}.Release|Any CPU.ActiveCfg = Release|Any CPU
		{15ABF003-84F8-423C-8D03-46EABB3C3A38}.Release|Any CPU.Build.0 = Release|Any CPU
		{07414DE7-D4AA-40CA-B004-7F403907CBA8}.Debug|Any CPU.ActiveCfg = Debug|Any CPU
		{07414DE7-D4AA-40CA-B004-7F403907CBA8}.Debug|Any CPU.Build.0 = Debug|Any CPU
		{07414DE7-D4AA-40CA-B004-7F403907CBA8}.Release|Any CPU.ActiveCfg = Release|Any CPU
		{07414DE7-D4AA-40CA-B004-7F403907CBA8}.Release|Any CPU.Build.0 = Release|Any CPU
		{8AA75292-E794-4B8B-8CB8-14D3FDBCB367}.Debug|Any CPU.ActiveCfg = Debug|Any CPU
		{8AA75292-E794-4B8B-8CB8-14D3FDBCB367}.Debug|Any CPU.Build.0 = Debug|Any CPU
		{8AA75292-E794-4B8B-8CB8-14D3FDBCB367}.Release|Any CPU.ActiveCfg = Release|Any CPU
		{8AA75292-E794-4B8B-8CB8-14D3FDBCB367}.Release|Any CPU.Build.0 = Release|Any CPU
		{96EEB84A-DA59-40BE-8E2B-69040D954A3C}.Debug|Any CPU.ActiveCfg = Debug|Any CPU
		{96EEB84A-DA59-40BE-8E2B-69040D954A3C}.Debug|Any CPU.Build.0 = Debug|Any CPU
		{96EEB84A-DA59-40BE-8E2B-69040D954A3C}.Release|Any CPU.ActiveCfg = Release|Any CPU
		{96EEB84A-DA59-40BE-8E2B-69040D954A3C}.Release|Any CPU.Build.0 = Release|Any CPU
		{7316DB0F-D533-45B8-8AB8-82C12D883742}.Debug|Any CPU.ActiveCfg = Debug|Any CPU
		{7316DB0F-D533-45B8-8AB8-82C12D883742}.Debug|Any CPU.Build.0 = Debug|Any CPU
		{7316DB0F-D533-45B8-8AB8-82C12D883742}.Release|Any CPU.ActiveCfg = Release|Any CPU
		{7316DB0F-D533-45B8-8AB8-82C12D883742}.Release|Any CPU.Build.0 = Release|Any CPU
		{0A5FB6E5-D2FF-45EF-BEA9-96788B8486F8}.Debug|Any CPU.ActiveCfg = Debug|Any CPU
		{0A5FB6E5-D2FF-45EF-BEA9-96788B8486F8}.Debug|Any CPU.Build.0 = Debug|Any CPU
		{0A5FB6E5-D2FF-45EF-BEA9-96788B8486F8}.Release|Any CPU.ActiveCfg = Release|Any CPU
		{0A5FB6E5-D2FF-45EF-BEA9-96788B8486F8}.Release|Any CPU.Build.0 = Release|Any CPU
		{57EC1CE5-4C21-4E31-9A17-AFFEB88D8C5F}.Debug|Any CPU.ActiveCfg = Debug|Any CPU
		{57EC1CE5-4C21-4E31-9A17-AFFEB88D8C5F}.Debug|Any CPU.Build.0 = Debug|Any CPU
		{57EC1CE5-4C21-4E31-9A17-AFFEB88D8C5F}.Release|Any CPU.ActiveCfg = Release|Any CPU
		{57EC1CE5-4C21-4E31-9A17-AFFEB88D8C5F}.Release|Any CPU.Build.0 = Release|Any CPU
		{D953237E-4B7F-493A-A9FD-CF4539FA5E65}.Debug|Any CPU.ActiveCfg = Debug|Any CPU
		{D953237E-4B7F-493A-A9FD-CF4539FA5E65}.Debug|Any CPU.Build.0 = Debug|Any CPU
		{D953237E-4B7F-493A-A9FD-CF4539FA5E65}.Release|Any CPU.ActiveCfg = Release|Any CPU
		{D953237E-4B7F-493A-A9FD-CF4539FA5E65}.Release|Any CPU.Build.0 = Release|Any CPU
		{4D5A89BF-838D-49DF-A381-8B2858E92981}.Debug|Any CPU.ActiveCfg = Debug|Any CPU
		{4D5A89BF-838D-49DF-A381-8B2858E92981}.Debug|Any CPU.Build.0 = Debug|Any CPU
		{4D5A89BF-838D-49DF-A381-8B2858E92981}.Release|Any CPU.ActiveCfg = Release|Any CPU
		{4D5A89BF-838D-49DF-A381-8B2858E92981}.Release|Any CPU.Build.0 = Release|Any CPU
		{4B89704A-97A0-4AC3-99AE-18CA6001343D}.Debug|Any CPU.ActiveCfg = Debug|Any CPU
		{4B89704A-97A0-4AC3-99AE-18CA6001343D}.Debug|Any CPU.Build.0 = Debug|Any CPU
		{4B89704A-97A0-4AC3-99AE-18CA6001343D}.Release|Any CPU.ActiveCfg = Release|Any CPU
		{4B89704A-97A0-4AC3-99AE-18CA6001343D}.Release|Any CPU.Build.0 = Release|Any CPU
		{D479187F-C0BB-480D-9A30-61A642131B43}.Debug|Any CPU.ActiveCfg = Debug|Any CPU
		{D479187F-C0BB-480D-9A30-61A642131B43}.Debug|Any CPU.Build.0 = Debug|Any CPU
		{D479187F-C0BB-480D-9A30-61A642131B43}.Release|Any CPU.ActiveCfg = Release|Any CPU
		{D479187F-C0BB-480D-9A30-61A642131B43}.Release|Any CPU.Build.0 = Release|Any CPU
		{4B530DF8-C597-4928-9162-09664526F71F}.Debug|Any CPU.ActiveCfg = Debug|Any CPU
		{4B530DF8-C597-4928-9162-09664526F71F}.Debug|Any CPU.Build.0 = Debug|Any CPU
		{4B530DF8-C597-4928-9162-09664526F71F}.Release|Any CPU.ActiveCfg = Release|Any CPU
		{4B530DF8-C597-4928-9162-09664526F71F}.Release|Any CPU.Build.0 = Release|Any CPU
		{22C750A1-1CAB-4063-A789-9D03C4FE94BF}.Debug|Any CPU.ActiveCfg = Debug|Any CPU
		{22C750A1-1CAB-4063-A789-9D03C4FE94BF}.Debug|Any CPU.Build.0 = Debug|Any CPU
		{22C750A1-1CAB-4063-A789-9D03C4FE94BF}.Release|Any CPU.ActiveCfg = Release|Any CPU
		{22C750A1-1CAB-4063-A789-9D03C4FE94BF}.Release|Any CPU.Build.0 = Release|Any CPU
		{1434CDEC-C1BF-4753-ABEA-1538F0F42645}.Debug|Any CPU.ActiveCfg = Debug|Any CPU
		{1434CDEC-C1BF-4753-ABEA-1538F0F42645}.Debug|Any CPU.Build.0 = Debug|Any CPU
		{1434CDEC-C1BF-4753-ABEA-1538F0F42645}.Release|Any CPU.ActiveCfg = Release|Any CPU
		{1434CDEC-C1BF-4753-ABEA-1538F0F42645}.Release|Any CPU.Build.0 = Release|Any CPU
		{2FFE7AED-C944-45E5-883F-100EDE2458F2}.Debug|Any CPU.ActiveCfg = Debug|Any CPU
		{2FFE7AED-C944-45E5-883F-100EDE2458F2}.Debug|Any CPU.Build.0 = Debug|Any CPU
		{2FFE7AED-C944-45E5-883F-100EDE2458F2}.Release|Any CPU.ActiveCfg = Release|Any CPU
		{2FFE7AED-C944-45E5-883F-100EDE2458F2}.Release|Any CPU.Build.0 = Release|Any CPU
		{F9D5AE89-3E75-40AA-B3B8-58C5762E05EB}.Debug|Any CPU.ActiveCfg = Debug|Any CPU
		{F9D5AE89-3E75-40AA-B3B8-58C5762E05EB}.Debug|Any CPU.Build.0 = Debug|Any CPU
		{F9D5AE89-3E75-40AA-B3B8-58C5762E05EB}.Release|Any CPU.ActiveCfg = Release|Any CPU
		{F9D5AE89-3E75-40AA-B3B8-58C5762E05EB}.Release|Any CPU.Build.0 = Release|Any CPU
		{7C90C9BC-02B5-4DC3-8555-1AD2745C7432}.Debug|Any CPU.ActiveCfg = Debug|Any CPU
		{7C90C9BC-02B5-4DC3-8555-1AD2745C7432}.Debug|Any CPU.Build.0 = Debug|Any CPU
		{7C90C9BC-02B5-4DC3-8555-1AD2745C7432}.Release|Any CPU.ActiveCfg = Release|Any CPU
		{7C90C9BC-02B5-4DC3-8555-1AD2745C7432}.Release|Any CPU.Build.0 = Release|Any CPU
		{42593D5C-C867-4F32-A6D7-D91CF434D476}.Debug|Any CPU.ActiveCfg = Debug|Any CPU
		{42593D5C-C867-4F32-A6D7-D91CF434D476}.Debug|Any CPU.Build.0 = Debug|Any CPU
		{42593D5C-C867-4F32-A6D7-D91CF434D476}.Release|Any CPU.ActiveCfg = Release|Any CPU
		{42593D5C-C867-4F32-A6D7-D91CF434D476}.Release|Any CPU.Build.0 = Release|Any CPU
		{B08F90A3-A272-4E11-8CCE-371CB820B801}.Debug|Any CPU.ActiveCfg = Debug|Any CPU
		{B08F90A3-A272-4E11-8CCE-371CB820B801}.Debug|Any CPU.Build.0 = Debug|Any CPU
		{B08F90A3-A272-4E11-8CCE-371CB820B801}.Release|Any CPU.ActiveCfg = Release|Any CPU
		{B08F90A3-A272-4E11-8CCE-371CB820B801}.Release|Any CPU.Build.0 = Release|Any CPU
		{A04505E0-27E2-440F-807C-2FC3A38A488E}.Debug|Any CPU.ActiveCfg = Debug|Any CPU
		{A04505E0-27E2-440F-807C-2FC3A38A488E}.Debug|Any CPU.Build.0 = Debug|Any CPU
		{A04505E0-27E2-440F-807C-2FC3A38A488E}.Release|Any CPU.ActiveCfg = Release|Any CPU
		{A04505E0-27E2-440F-807C-2FC3A38A488E}.Release|Any CPU.Build.0 = Release|Any CPU
		{074E0C4B-E1EE-4133-855D-B7822EFE7350}.Debug|Any CPU.ActiveCfg = Debug|Any CPU
		{074E0C4B-E1EE-4133-855D-B7822EFE7350}.Debug|Any CPU.Build.0 = Debug|Any CPU
		{074E0C4B-E1EE-4133-855D-B7822EFE7350}.Release|Any CPU.ActiveCfg = Release|Any CPU
		{074E0C4B-E1EE-4133-855D-B7822EFE7350}.Release|Any CPU.Build.0 = Release|Any CPU
		{847CA058-BC6A-4FFF-B731-942EEAC16C78}.Debug|Any CPU.ActiveCfg = Debug|Any CPU
		{847CA058-BC6A-4FFF-B731-942EEAC16C78}.Debug|Any CPU.Build.0 = Debug|Any CPU
		{847CA058-BC6A-4FFF-B731-942EEAC16C78}.Release|Any CPU.ActiveCfg = Release|Any CPU
		{847CA058-BC6A-4FFF-B731-942EEAC16C78}.Release|Any CPU.Build.0 = Release|Any CPU
		{EDA21399-E0A1-4DCC-B60F-DAA77FBEE19B}.Debug|Any CPU.ActiveCfg = Debug|Any CPU
		{EDA21399-E0A1-4DCC-B60F-DAA77FBEE19B}.Debug|Any CPU.Build.0 = Debug|Any CPU
		{EDA21399-E0A1-4DCC-B60F-DAA77FBEE19B}.Release|Any CPU.ActiveCfg = Release|Any CPU
		{EDA21399-E0A1-4DCC-B60F-DAA77FBEE19B}.Release|Any CPU.Build.0 = Release|Any CPU
		{C8780EFE-FE87-4C75-8945-424DF0B63D52}.Debug|Any CPU.ActiveCfg = Debug|Any CPU
		{C8780EFE-FE87-4C75-8945-424DF0B63D52}.Debug|Any CPU.Build.0 = Debug|Any CPU
		{C8780EFE-FE87-4C75-8945-424DF0B63D52}.Release|Any CPU.ActiveCfg = Release|Any CPU
		{C8780EFE-FE87-4C75-8945-424DF0B63D52}.Release|Any CPU.Build.0 = Release|Any CPU
	EndGlobalSection
	GlobalSection(SolutionProperties) = preSolution
		HideSolutionNode = FALSE
	EndGlobalSection
	GlobalSection(NestedProjects) = preSolution
		{15ABF003-84F8-423C-8D03-46EABB3C3A38} = {02EA681E-C7D8-13C7-8484-4AC65E1B71E8}
		{07414DE7-D4AA-40CA-B004-7F403907CBA8} = {02EA681E-C7D8-13C7-8484-4AC65E1B71E8}
		{8AA75292-E794-4B8B-8CB8-14D3FDBCB367} = {02EA681E-C7D8-13C7-8484-4AC65E1B71E8}
		{96EEB84A-DA59-40BE-8E2B-69040D954A3C} = {0DDB5C63-2069-4249-981B-E257C52DC6F4}
		{7316DB0F-D533-45B8-8AB8-82C12D883742} = {0DDB5C63-2069-4249-981B-E257C52DC6F4}
		{0A5FB6E5-D2FF-45EF-BEA9-96788B8486F8} = {0DDB5C63-2069-4249-981B-E257C52DC6F4}
		{57EC1CE5-4C21-4E31-9A17-AFFEB88D8C5F} = {F3896A61-ED8C-4980-B6F9-C9D1BA6899D4}
		{D953237E-4B7F-493A-A9FD-CF4539FA5E65} = {F3896A61-ED8C-4980-B6F9-C9D1BA6899D4}
		{4D5A89BF-838D-49DF-A381-8B2858E92981} = {F3896A61-ED8C-4980-B6F9-C9D1BA6899D4}
		{4B89704A-97A0-4AC3-99AE-18CA6001343D} = {85AF1A2A-C0FE-42C5-B0A5-9835725F90F3}
		{D479187F-C0BB-480D-9A30-61A642131B43} = {85AF1A2A-C0FE-42C5-B0A5-9835725F90F3}
		{4B530DF8-C597-4928-9162-09664526F71F} = {85AF1A2A-C0FE-42C5-B0A5-9835725F90F3}
		{22C750A1-1CAB-4063-A789-9D03C4FE94BF} = {0C1DC9FC-AA16-4562-AB96-AFEEEEF42925}
		{1434CDEC-C1BF-4753-ABEA-1538F0F42645} = {0C1DC9FC-AA16-4562-AB96-AFEEEEF42925}
		{2FFE7AED-C944-45E5-883F-100EDE2458F2} = {0C1DC9FC-AA16-4562-AB96-AFEEEEF42925}
		{F9D5AE89-3E75-40AA-B3B8-58C5762E05EB} = {84FAF0EE-030B-4D44-8DF1-F64481978E74}
		{7C90C9BC-02B5-4DC3-8555-1AD2745C7432} = {84FAF0EE-030B-4D44-8DF1-F64481978E74}
		{42593D5C-C867-4F32-A6D7-D91CF434D476} = {84FAF0EE-030B-4D44-8DF1-F64481978E74}
		{B08F90A3-A272-4E11-8CCE-371CB820B801} = {BB2006F3-F510-4B6D-941D-0FE3F6552041}
		{A04505E0-27E2-440F-807C-2FC3A38A488E} = {BB2006F3-F510-4B6D-941D-0FE3F6552041}
		{074E0C4B-E1EE-4133-855D-B7822EFE7350} = {BB2006F3-F510-4B6D-941D-0FE3F6552041}
		{847CA058-BC6A-4FFF-B731-942EEAC16C78} = {B9253210-1A67-48A1-8AA1-AE507DD9E35E}
		{EDA21399-E0A1-4DCC-B60F-DAA77FBEE19B} = {B9253210-1A67-48A1-8AA1-AE507DD9E35E}
		{C8780EFE-FE87-4C75-8945-424DF0B63D52} = {B9253210-1A67-48A1-8AA1-AE507DD9E35E}
	EndGlobalSection
	GlobalSection(ExtensibilityGlobals) = postSolution
		SolutionGuid = {6D65AD91-9DDA-4B4A-BC61-9A79EA9C0D3E}
	EndGlobalSection
EndGlobal
